
Microsoft Visual Studio Solution File, Format Version 12.00
# Visual Studio Version 17
VisualStudioVersion = 17.2.32526.322
MinimumVisualStudioVersion = 10.0.40219.1
Project("{FAE04EC0-301F-11D3-BF4B-00C04F79EFBC}") = "Calculator.API", "Calculator.API\Calculator.API.csproj", "{ED0A7D7F-9ED5-4FEE-B1E1-97AD14428C4B}"
EndProject
Project("{FAE04EC0-301F-11D3-BF4B-00C04F79EFBC}") = "Calculator.Domain", "Calculator.Domain\Calculator.Domain.csproj", "{2D4668BE-3AAA-499D-8CCF-799D5D614B93}"
EndProject
Project("{FAE04EC0-301F-11D3-BF4B-00C04F79EFBC}") = "Calculator.Tests", "Calculator.Tests\Calculator.Tests.csproj", "{666DC9F2-41A3-4C75-9023-9B0C87BD2171}"
EndProject
Project("{2150E333-8FDC-42A3-9474-1A3956D46DE8}") = "Solution Items", "Solution Items", "{BDAF5DFF-B576-4F6C-AC33-9E33DC167DCC}"
	ProjectSection(SolutionItems) = preProject
		.gitignore = .gitignore
	EndProjectSection
EndProject
Global
	GlobalSection(SolutionConfigurationPlatforms) = preSolution
		Debug|Any CPU = Debug|Any CPU
		Release|Any CPU = Release|Any CPU
	EndGlobalSection
	GlobalSection(ProjectConfigurationPlatforms) = postSolution
		{ED0A7D7F-9ED5-4FEE-B1E1-97AD14428C4B}.Debug|Any CPU.ActiveCfg = Debug|Any CPU
		{ED0A7D7F-9ED5-4FEE-B1E1-97AD14428C4B}.Debug|Any CPU.Build.0 = Debug|Any CPU
		{ED0A7D7F-9ED5-4FEE-B1E1-97AD14428C4B}.Release|Any CPU.ActiveCfg = Release|Any CPU
		{ED0A7D7F-9ED5-4FEE-B1E1-97AD14428C4B}.Release|Any CPU.Build.0 = Release|Any CPU
		{2D4668BE-3AAA-499D-8CCF-799D5D614B93}.Debug|Any CPU.ActiveCfg = Debug|Any CPU
		{2D4668BE-3AAA-499D-8CCF-799D5D614B93}.Debug|Any CPU.Build.0 = Debug|Any CPU
		{2D4668BE-3AAA-499D-8CCF-799D5D614B93}.Release|Any CPU.ActiveCfg = Release|Any CPU
		{2D4668BE-3AAA-499D-8CCF-799D5D614B93}.Release|Any CPU.Build.0 = Release|Any CPU
		{666DC9F2-41A3-4C75-9023-9B0C87BD2171}.Debug|Any CPU.ActiveCfg = Debug|Any CPU
		{666DC9F2-41A3-4C75-9023-9B0C87BD2171}.Debug|Any CPU.Build.0 = Debug|Any CPU
		{666DC9F2-41A3-4C75-9023-9B0C87BD2171}.Release|Any CPU.ActiveCfg = Release|Any CPU
		{666DC9F2-41A3-4C75-9023-9B0C87BD2171}.Release|Any CPU.Build.0 = Release|Any CPU
	EndGlobalSection
	GlobalSection(SolutionProperties) = preSolution
		HideSolutionNode = FALSE
	EndGlobalSection
	GlobalSection(ExtensibilityGlobals) = postSolution
		SolutionGuid = {309F95AE-610C-4EE7-8D6F-B940FBA4DC9F}
	EndGlobalSection
EndGlobal
